
Microsoft Visual Studio Solution File, Format Version 12.00
# Visual Studio Version 17
VisualStudioVersion = 17.0.31903.59
MinimumVisualStudioVersion = 10.0.40219.1
Project("{FAE04EC0-301F-11D3-BF4B-00C04F79EFBC}") = "Carro", "Carro\Carro.csproj", "{928E6CF6-42BF-4A75-859F-640F7965CF28}"
EndProject
Global
	GlobalSection(SolutionConfigurationPlatforms) = preSolution
		Debug|Any CPU = Debug|Any CPU
		Release|Any CPU = Release|Any CPU
	EndGlobalSection
	GlobalSection(ProjectConfigurationPlatforms) = postSolution
		{928E6CF6-42BF-4A75-859F-640F7965CF28}.Debug|Any CPU.ActiveCfg = Debug|Any CPU
		{928E6CF6-42BF-4A75-859F-640F7965CF28}.Debug|Any CPU.Build.0 = Debug|Any CPU
		{928E6CF6-42BF-4A75-859F-640F7965CF28}.Release|Any CPU.ActiveCfg = Release|Any CPU
		{928E6CF6-42BF-4A75-859F-640F7965CF28}.Release|Any CPU.Build.0 = Release|Any CPU
	EndGlobalSection
	GlobalSection(SolutionProperties) = preSolution
		HideSolutionNode = FALSE
	EndGlobalSection
	GlobalSection(ExtensibilityGlobals) = postSolution
		SolutionGuid = {B56EFCFF-AA81-4D40-A74D-CAC6907E0AFA}
	EndGlobalSection
EndGlobal
